
Microsoft Visual Studio Solution File, Format Version 12.00
# Visual Studio Version 17
VisualStudioVersion = 17.14.36429.23 d17.14
MinimumVisualStudioVersion = 10.0.40219.1
Project("{FAE04EC0-301F-11D3-BF4B-00C04F79EFBC}") = "WebAPI_simple", "WebAPI_simple\WebAPI_simple.csproj", "{7A27D13C-39B9-47B8-B68F-58125AD2F3FC}"
EndProject
Global
	GlobalSection(SolutionConfigurationPlatforms) = preSolution
		Debug|Any CPU = Debug|Any CPU
		Release|Any CPU = Release|Any CPU
	EndGlobalSection
	GlobalSection(ProjectConfigurationPlatforms) = postSolution
		{7A27D13C-39B9-47B8-B68F-58125AD2F3FC}.Debug|Any CPU.ActiveCfg = Debug|Any CPU
		{7A27D13C-39B9-47B8-B68F-58125AD2F3FC}.Debug|Any CPU.Build.0 = Debug|Any CPU
		{7A27D13C-39B9-47B8-B68F-58125AD2F3FC}.Release|Any CPU.ActiveCfg = Release|Any CPU
		{7A27D13C-39B9-47B8-B68F-58125AD2F3FC}.Release|Any CPU.Build.0 = Release|Any CPU
	EndGlobalSection
	GlobalSection(SolutionProperties) = preSolution
		HideSolutionNode = FALSE
	EndGlobalSection
	GlobalSection(ExtensibilityGlobals) = postSolution
		SolutionGuid = {B5ECAE47-1A46-4411-9975-19DC91DA16D1}
	EndGlobalSection
EndGlobal
